# This file is autogenerated, do not edit; changes may be undone by the next 'dep ensure'.


[[projects]]
  branch = "master"
  digest = "1:adddf11eb27039a3afcc74c5e3d13da84e189012ec37acfc2c70385f25edbe0f"
  name = "github.com/gocarina/gocsv"
  packages = ["."]
  pruneopts = "UT"
  revision = "2fc85fcf0c07e8bb9123b2104e84cfc2a5b53724"

[[projects]]
  branch = "master"
  digest = "1:1045b7854a42f79f641105fbad7e320dd2de10b51f9c36400e49d7173cb40a9e"
  name = "github.com/havuz/types"
  packages = ["."]
  pruneopts = "UT"
  revision = "9422e9af0d22fa90593ee8ea3384d2ca1eaba9dc"

[[projects]]
  digest = "1:1f4b55d7c57681ad91b7ce3ac7c8e7b139e6dd2f477c5f87e6a7749d298645dc"
  name = "github.com/joho/godotenv"
  packages = [
    ".",
    "autoload",
  ]
  pruneopts = "UT"
  revision = "23d116af351c84513e1946b527c88823e476be13"
  version = "v1.3.0"

[[projects]]
  digest = "1:ca955a9cd5b50b0f43d2cc3aeb35c951473eeca41b34eb67507f1dbcc0542394"
  name = "github.com/kr/pretty"
  packages = ["."]
  pruneopts = "UT"
  revision = "73f6ac0b30a98e433b289500d779f50c1a6f0712"
  version = "v0.1.0"

[[projects]]
  digest = "1:15b5cc79aad436d47019f814fde81a10221c740dc8ddf769221a65097fb6c2e9"
  name = "github.com/kr/text"
  packages = ["."]
  pruneopts = "UT"
  revision = "e2ffdb16a802fe2bb95e2e35ff34f0e53aeef34f"
  version = "v0.1.0"

[[projects]]
  branch = "master"
  digest = "1:004a9dee686b6574536032e11144dd50a74ab021f1dd446895db20293dfbd1e1"
  name = "golang.org/x/crypto"
  packages = [
    "ed25519",
    "ed25519/internal/edwards25519",
    "internal/subtle",
    "nacl/sign",
  ]
  pruneopts = "UT"
  revision = "a29dc8fdc73485234dbef99ebedb95d2eced08de"

[solve-meta]
  analyzer-name = "dep"
  analyzer-version = 1
  input-imports = [
    "github.com/gocarina/gocsv",
    "github.com/havuz/types",
    "github.com/joho/godotenv/autoload",
    "github.com/kr/pretty",
    "golang.org/x/crypto/nacl/sign",
  ]
  solver-name = "gps-cdcl"
  solver-version = 1
